{
    "version": 3,
    "terraform_version": "0.11.7",
    "serial": 2,
    "lineage": "4a9687f3-30b2-9837-54c7-6140f1deb4ac",
    "modules": [
        {
            "path": [
                "root"
            ],
            "outputs": {},
            "resources": {},
            "depends_on": []
        },
        {
            "path": [
                "root",
                "ec2"
            ],
            "outputs": {},
            "resources": {
                "aws_instance.web": {
                    "type": "aws_instance",
                    "depends_on": [
                        "data.aws_ami.infoblox"
                    ],
                    "primary": {
                        "id": "i-03d83a162ad0d16db",
                        "attributes": {
                            "ami": "ami-cd9fd6b2",
                            "associate_public_ip_address": "true",
                            "availability_zone": "us-east-1a",
                            "credit_specification.#": "1",
                            "credit_specification.0.cpu_credits": "standard",
                            "disable_api_termination": "false",
                            "ebs_block_device.#": "0",
                            "ebs_optimized": "false",
                            "ephemeral_block_device.#": "0",
                            "get_password_data": "false",
                            "iam_instance_profile": "",
                            "id": "i-03d83a162ad0d16db",
                            "instance_initiated_shutdown_behavior": "stop",
                            "instance_state": "running",
                            "instance_type": "t2.micro",
                            "ipv6_addresses.#": "0",
                            "key_name": "damodaran_test",
                            "monitoring": "false",
                            "network_interface.#": "0",
                            "network_interface_id": "eni-0663ca756f0289482",
                            "password_data": "",
                            "placement_group": "",
                            "primary_network_interface_id": "eni-0663ca756f0289482",
                            "private_dns": "ip-173-0-1-225.ec2.internal",
                            "private_ip": "173.0.1.225",
                            "public_dns": "",
                            "public_ip": "34.238.174.105",
                            "root_block_device.#": "1",
                            "root_block_device.0.delete_on_termination": "true",
                            "root_block_device.0.iops": "0",
                            "root_block_device.0.volume_id": "vol-0b657d8f468ff894e",
                            "root_block_device.0.volume_size": "160",
                            "root_block_device.0.volume_type": "standard",
                            "security_groups.#": "0",
                            "source_dest_check": "true",
                            "subnet_id": "subnet-0cfb502aea59fbbfa",
                            "tags.%": "2",
                            "tags.ManagedBy": "Terraform",
                            "tags.Name": "infoblox-ami",
                            "tenancy": "default",
                            "volume_tags.%": "0",
                            "vpc_security_group_ids.#": "1",
                            "vpc_security_group_ids.1600007635": "sg-03f0a172377a6bdf1"
                        },
                        "meta": {
                            "e2bfb730-ecaa-11e6-8f88-34363bc7c4c0": {
                                "create": 600000000000,
                                "delete": 1200000000000,
                                "update": 600000000000
                            },
                            "schema_version": "1"
                        },
                        "tainted": false
                    },
                    "deposed": [],
                    "provider": "provider.aws"
                },
                "data.aws_ami.infoblox": {
                    "type": "aws_ami",
                    "depends_on": [],
                    "primary": {
                        "id": "ami-cd9fd6b2",
                        "attributes": {
                            "architecture": "x86_64",
                            "block_device_mappings.#": "1",
                            "block_device_mappings.4174223955.device_name": "/dev/sda1",
                            "block_device_mappings.4174223955.ebs.%": "6",
                            "block_device_mappings.4174223955.ebs.delete_on_termination": "true",
                            "block_device_mappings.4174223955.ebs.encrypted": "false",
                            "block_device_mappings.4174223955.ebs.iops": "0",
                            "block_device_mappings.4174223955.ebs.snapshot_id": "snap-02235a6631074e739",
                            "block_device_mappings.4174223955.ebs.volume_size": "160",
                            "block_device_mappings.4174223955.ebs.volume_type": "standard",
                            "block_device_mappings.4174223955.no_device": "",
                            "block_device_mappings.4174223955.virtual_name": "",
                            "creation_date": "2018-06-18T13:22:04.000Z",
                            "description": "Infoblox DDI for AWS : Consistent, Automated DNS and IP Address Management (IPAM) for Public and Hybrid Cloud. Supported instance shape: m3.xlarge",
                            "filter.#": "3",
                            "filter.3386043752.name": "architecture",
                            "filter.3386043752.values.#": "1",
                            "filter.3386043752.values.0": "x86_64",
                            "filter.490168357.name": "virtualization-type",
                            "filter.490168357.values.#": "1",
                            "filter.490168357.values.0": "hvm",
                            "filter.734710370.name": "description",
                            "filter.734710370.values.#": "1",
                            "filter.734710370.values.0": "Infoblox DDI for AWS *",
                            "hypervisor": "xen",
                            "id": "ami-cd9fd6b2",
                            "image_id": "ami-cd9fd6b2",
                            "image_location": "057670693668/Infoblox NIOS 8.3.0 371835 CP-V1400 BYOL",
                            "image_type": "machine",
                            "most_recent": "true",
                            "name": "Infoblox NIOS 8.3.0 371835 CP-V1400 BYOL",
                            "owner_id": "057670693668",
                            "owners.#": "1",
                            "owners.0": "057670693668",
                            "product_codes.#": "0",
                            "public": "true",
                            "root_device_name": "/dev/sda1",
                            "root_device_type": "ebs",
                            "root_snapshot_id": "snap-02235a6631074e739",
                            "state": "available",
                            "state_reason.%": "2",
                            "state_reason.code": "UNSET",
                            "state_reason.message": "UNSET",
                            "tags.%": "0",
                            "virtualization_type": "hvm"
                        },
                        "meta": {},
                        "tainted": false
                    },
                    "deposed": [],
                    "provider": "provider.aws"
                }
            },
            "depends_on": []
        },
        {
            "path": [
                "root",
                "vpc"
            ],
            "outputs": {
                "subnet_id": {
                    "sensitive": false,
                    "type": "string",
                    "value": "subnet-0cfb502aea59fbbfa"
                }
            },
            "resources": {
                "aws_internet_gateway.main": {
                    "type": "aws_internet_gateway",
                    "depends_on": [
                        "aws_vpc.main"
                    ],
                    "primary": {
                        "id": "igw-02d52e4cd12a9e579",
                        "attributes": {
                            "id": "igw-02d52e4cd12a9e579",
                            "vpc_id": "vpc-0a055a509a5e00c56"
                        },
                        "meta": {},
                        "tainted": false
                    },
                    "deposed": [],
                    "provider": "provider.aws"
                },
                "aws_route_table.main": {
                    "type": "aws_route_table",
                    "depends_on": [
                        "aws_internet_gateway.main",
                        "aws_vpc.main"
                    ],
                    "primary": {
                        "id": "rtb-08dbc3b841b763249",
                        "attributes": {
                            "id": "rtb-08dbc3b841b763249",
                            "propagating_vgws.#": "0",
                            "route.#": "1",
                            "route.3924493988.cidr_block": "0.0.0.0/0",
                            "route.3924493988.egress_only_gateway_id": "",
                            "route.3924493988.gateway_id": "igw-02d52e4cd12a9e579",
                            "route.3924493988.instance_id": "",
                            "route.3924493988.ipv6_cidr_block": "",
                            "route.3924493988.nat_gateway_id": "",
                            "route.3924493988.network_interface_id": "",
                            "route.3924493988.vpc_peering_connection_id": "",
                            "tags.%": "0",
                            "vpc_id": "vpc-0a055a509a5e00c56"
                        },
                        "meta": {},
                        "tainted": false
                    },
                    "deposed": [],
                    "provider": "provider.aws"
                },
                "aws_route_table_association.main": {
                    "type": "aws_route_table_association",
                    "depends_on": [
                        "aws_route_table.main",
                        "aws_subnet.main"
                    ],
                    "primary": {
                        "id": "rtbassoc-096a1878e1d1beca4",
                        "attributes": {
                            "id": "rtbassoc-096a1878e1d1beca4",
                            "route_table_id": "rtb-08dbc3b841b763249",
                            "subnet_id": "subnet-0cfb502aea59fbbfa"
                        },
                        "meta": {},
                        "tainted": false
                    },
                    "deposed": [],
                    "provider": "provider.aws"
                },
                "aws_subnet.main": {
                    "type": "aws_subnet",
                    "depends_on": [
                        "aws_vpc.main"
                    ],
                    "primary": {
                        "id": "subnet-0cfb502aea59fbbfa",
                        "attributes": {
                            "assign_ipv6_address_on_creation": "false",
                            "availability_zone": "us-east-1a",
                            "cidr_block": "173.0.1.0/24",
                            "id": "subnet-0cfb502aea59fbbfa",
                            "map_public_ip_on_launch": "false",
                            "tags.%": "1",
                            "tags.ManagedBy": "Terraform",
                            "vpc_id": "vpc-0a055a509a5e00c56"
                        },
                        "meta": {
                            "schema_version": "1"
                        },
                        "tainted": false
                    },
                    "deposed": [],
                    "provider": "provider.aws"
                },
                "aws_vpc.main": {
                    "type": "aws_vpc",
                    "depends_on": [],
                    "primary": {
                        "id": "vpc-0a055a509a5e00c56",
                        "attributes": {
                            "assign_generated_ipv6_cidr_block": "false",
                            "cidr_block": "173.0.0.0/16",
                            "default_network_acl_id": "acl-0cb39eb2524f93754",
                            "default_route_table_id": "rtb-011e223afecf5d1b4",
                            "default_security_group_id": "sg-03f0a172377a6bdf1",
                            "dhcp_options_id": "dopt-d89d76a3",
                            "enable_classiclink": "false",
                            "enable_classiclink_dns_support": "false",
                            "enable_dns_hostnames": "false",
                            "enable_dns_support": "false",
                            "id": "vpc-0a055a509a5e00c56",
                            "instance_tenancy": "default",
                            "main_route_table_id": "rtb-011e223afecf5d1b4",
                            "tags.%": "1",
                            "tags.ManagedBy": "Terraform"
                        },
                        "meta": {
                            "schema_version": "1"
                        },
                        "tainted": false
                    },
                    "deposed": [],
                    "provider": "provider.aws"
                }
            },
            "depends_on": []
        }
    ]
}
